
Microsoft Visual Studio Solution File, Format Version 12.00
# Visual Studio Version 16
VisualStudioVersion = 16.0.29613.14
MinimumVisualStudioVersion = 10.0.40219.1
Project("{FAE04EC0-301F-11D3-BF4B-00C04F79EFBC}") = "ModelBindingSample", "ModelBindingSample\ModelBindingSample.csproj", "{9B7F7620-7DF4-420D-A289-A834C2EAEE44}"
EndProject
Global
	GlobalSection(SolutionConfigurationPlatforms) = preSolution
		Debug|Any CPU = Debug|Any CPU
		Release|Any CPU = Release|Any CPU
	EndGlobalSection
	GlobalSection(ProjectConfigurationPlatforms) = postSolution
		{9B7F7620-7DF4-420D-A289-A834C2EAEE44}.Debug|Any CPU.ActiveCfg = Debug|Any CPU
		{9B7F7620-7DF4-420D-A289-A834C2EAEE44}.Debug|Any CPU.Build.0 = Debug|Any CPU
		{9B7F7620-7DF4-420D-A289-A834C2EAEE44}.Release|Any CPU.ActiveCfg = Release|Any CPU
		{9B7F7620-7DF4-420D-A289-A834C2EAEE44}.Release|Any CPU.Build.0 = Release|Any CPU
	EndGlobalSection
	GlobalSection(SolutionProperties) = preSolution
		HideSolutionNode = FALSE
	EndGlobalSection
	GlobalSection(ExtensibilityGlobals) = postSolution
		SolutionGuid = {E0D0419F-1E8C-4812-B56D-B414562FDD1F}
	EndGlobalSection
EndGlobal
